
Microsoft Visual Studio Solution File, Format Version 12.00
# Visual Studio Version 16
VisualStudioVersion = 16.0.29503.13
MinimumVisualStudioVersion = 10.0.40219.1
Project("{9A19103F-16F7-4668-BE54-9A1E7A4F7556}") = "Cinema.Web", "Cinema.Web\Cinema.Web.csproj", "{923169DB-BD2F-471D-A178-5FEFC6D9DDA6}"
EndProject
Project("{9A19103F-16F7-4668-BE54-9A1E7A4F7556}") = "Cinema.Domain", "Cinema.Domain\Cinema.Domain.csproj", "{76786E0F-B1F7-449B-8B29-2BBB32753F1A}"
EndProject
Project("{9A19103F-16F7-4668-BE54-9A1E7A4F7556}") = "Cinema.Seed", "Cinema.Seed\Cinema.Seed.csproj", "{F20DE1F3-6E82-4533-B088-7D73045209D0}"
EndProject
Project("{9A19103F-16F7-4668-BE54-9A1E7A4F7556}") = "Cinema.Test", "Cinema.Test\Cinema.Test.csproj", "{5B8C3A5A-6E8C-483D-A0F3-CB371D819EC2}"
EndProject
Project("{9A19103F-16F7-4668-BE54-9A1E7A4F7556}") = "Cinema.Services", "Cinema.Services\Cinema.Services.csproj", "{B436E379-B478-4B5A-A359-48EE86282653}"
EndProject
Project("{9A19103F-16F7-4668-BE54-9A1E7A4F7556}") = "Cinema.BLL", "Cinema.BLL\Cinema.BLL.csproj", "{ABC21100-AC7A-45D0-8D0E-D2D2721CA1B6}"
EndProject
Project("{9A19103F-16F7-4668-BE54-9A1E7A4F7556}") = "Cinema.DTO", "Cinema.DTO\Cinema.DTO.csproj", "{1825F002-332F-440F-B005-586249A00CC1}"
EndProject
Project("{9A19103F-16F7-4668-BE54-9A1E7A4F7556}") = "Cinema.DAL", "Cinema.DAL\Cinema.DAL.csproj", "{B28027EC-C5A5-492A-B2A2-8F40A38551C2}"
	ProjectSection(ProjectDependencies) = postProject
		{76786E0F-B1F7-449B-8B29-2BBB32753F1A} = {76786E0F-B1F7-449B-8B29-2BBB32753F1A}
	EndProjectSection
EndProject
Project("{FAE04EC0-301F-11D3-BF4B-00C04F79EFBC}") = "Cinema.Web.Mvc", "Cinema.Web.Mvc\Cinema.Web.Mvc.csproj", "{09A89119-5483-44EA-AAD2-FEF50F01A340}"
EndProject
Global
	GlobalSection(SolutionConfigurationPlatforms) = preSolution
		Debug|Any CPU = Debug|Any CPU
		Release|Any CPU = Release|Any CPU
	EndGlobalSection
	GlobalSection(ProjectConfigurationPlatforms) = postSolution
		{923169DB-BD2F-471D-A178-5FEFC6D9DDA6}.Debug|Any CPU.ActiveCfg = Debug|Any CPU
		{923169DB-BD2F-471D-A178-5FEFC6D9DDA6}.Debug|Any CPU.Build.0 = Debug|Any CPU
		{923169DB-BD2F-471D-A178-5FEFC6D9DDA6}.Release|Any CPU.ActiveCfg = Release|Any CPU
		{923169DB-BD2F-471D-A178-5FEFC6D9DDA6}.Release|Any CPU.Build.0 = Release|Any CPU
		{76786E0F-B1F7-449B-8B29-2BBB32753F1A}.Debug|Any CPU.ActiveCfg = Debug|Any CPU
		{76786E0F-B1F7-449B-8B29-2BBB32753F1A}.Debug|Any CPU.Build.0 = Debug|Any CPU
		{76786E0F-B1F7-449B-8B29-2BBB32753F1A}.Release|Any CPU.ActiveCfg = Release|Any CPU
		{76786E0F-B1F7-449B-8B29-2BBB32753F1A}.Release|Any CPU.Build.0 = Release|Any CPU
		{F20DE1F3-6E82-4533-B088-7D73045209D0}.Debug|Any CPU.ActiveCfg = Debug|Any CPU
		{F20DE1F3-6E82-4533-B088-7D73045209D0}.Debug|Any CPU.Build.0 = Debug|Any CPU
		{F20DE1F3-6E82-4533-B088-7D73045209D0}.Release|Any CPU.ActiveCfg = Release|Any CPU
		{F20DE1F3-6E82-4533-B088-7D73045209D0}.Release|Any CPU.Build.0 = Release|Any CPU
		{5B8C3A5A-6E8C-483D-A0F3-CB371D819EC2}.Debug|Any CPU.ActiveCfg = Debug|Any CPU
		{5B8C3A5A-6E8C-483D-A0F3-CB371D819EC2}.Debug|Any CPU.Build.0 = Debug|Any CPU
		{5B8C3A5A-6E8C-483D-A0F3-CB371D819EC2}.Release|Any CPU.ActiveCfg = Release|Any CPU
		{5B8C3A5A-6E8C-483D-A0F3-CB371D819EC2}.Release|Any CPU.Build.0 = Release|Any CPU
		{B436E379-B478-4B5A-A359-48EE86282653}.Debug|Any CPU.ActiveCfg = Debug|Any CPU
		{B436E379-B478-4B5A-A359-48EE86282653}.Debug|Any CPU.Build.0 = Debug|Any CPU
		{B436E379-B478-4B5A-A359-48EE86282653}.Release|Any CPU.ActiveCfg = Release|Any CPU
		{B436E379-B478-4B5A-A359-48EE86282653}.Release|Any CPU.Build.0 = Release|Any CPU
		{ABC21100-AC7A-45D0-8D0E-D2D2721CA1B6}.Debug|Any CPU.ActiveCfg = Debug|Any CPU
		{ABC21100-AC7A-45D0-8D0E-D2D2721CA1B6}.Debug|Any CPU.Build.0 = Debug|Any CPU
		{ABC21100-AC7A-45D0-8D0E-D2D2721CA1B6}.Release|Any CPU.ActiveCfg = Release|Any CPU
		{ABC21100-AC7A-45D0-8D0E-D2D2721CA1B6}.Release|Any CPU.Build.0 = Release|Any CPU
		{1825F002-332F-440F-B005-586249A00CC1}.Debug|Any CPU.ActiveCfg = Debug|Any CPU
		{1825F002-332F-440F-B005-586249A00CC1}.Debug|Any CPU.Build.0 = Debug|Any CPU
		{1825F002-332F-440F-B005-586249A00CC1}.Release|Any CPU.ActiveCfg = Release|Any CPU
		{1825F002-332F-440F-B005-586249A00CC1}.Release|Any CPU.Build.0 = Release|Any CPU
		{B28027EC-C5A5-492A-B2A2-8F40A38551C2}.Debug|Any CPU.ActiveCfg = Debug|Any CPU
		{B28027EC-C5A5-492A-B2A2-8F40A38551C2}.Debug|Any CPU.Build.0 = Debug|Any CPU
		{B28027EC-C5A5-492A-B2A2-8F40A38551C2}.Release|Any CPU.ActiveCfg = Release|Any CPU
		{B28027EC-C5A5-492A-B2A2-8F40A38551C2}.Release|Any CPU.Build.0 = Release|Any CPU
		{09A89119-5483-44EA-AAD2-FEF50F01A340}.Debug|Any CPU.ActiveCfg = Debug|Any CPU
		{09A89119-5483-44EA-AAD2-FEF50F01A340}.Debug|Any CPU.Build.0 = Debug|Any CPU
		{09A89119-5483-44EA-AAD2-FEF50F01A340}.Release|Any CPU.ActiveCfg = Release|Any CPU
		{09A89119-5483-44EA-AAD2-FEF50F01A340}.Release|Any CPU.Build.0 = Release|Any CPU
	EndGlobalSection
	GlobalSection(SolutionProperties) = preSolution
		HideSolutionNode = FALSE
	EndGlobalSection
	GlobalSection(ExtensibilityGlobals) = postSolution
		SolutionGuid = {DE29FAC1-7A3D-45FE-81F2-94E85540C3AB}
	EndGlobalSection
EndGlobal
