
Microsoft Visual Studio Solution File, Format Version 12.00
# Visual Studio Version 16
VisualStudioVersion = 16.0.29503.13
MinimumVisualStudioVersion = 10.0.40219.1
Project("{9A19103F-16F7-4668-BE54-9A1E7A4F7556}") = "Cinema.Domain", "Cinema.Domain\Cinema.Domain.csproj", "{76786E0F-B1F7-449B-8B29-2BBB32753F1A}"
EndProject
Project("{9A19103F-16F7-4668-BE54-9A1E7A4F7556}") = "Cinema.Common", "Cinema.Common\Cinema.Common.csproj", "{B436E379-B478-4B5A-A359-48EE86282653}"
EndProject
Project("{9A19103F-16F7-4668-BE54-9A1E7A4F7556}") = "Cinema.Services", "Cinema.Services\Cinema.Services.csproj", "{ABC21100-AC7A-45D0-8D0E-D2D2721CA1B6}"
EndProject
Project("{9A19103F-16F7-4668-BE54-9A1E7A4F7556}") = "Cinema.Dal", "Cinema.Dal\Cinema.Dal.csproj", "{B28027EC-C5A5-492A-B2A2-8F40A38551C2}"
	ProjectSection(ProjectDependencies) = postProject
		{76786E0F-B1F7-449B-8B29-2BBB32753F1A} = {76786E0F-B1F7-449B-8B29-2BBB32753F1A}
	EndProjectSection
EndProject
Project("{9A19103F-16F7-4668-BE54-9A1E7A4F7556}") = "Cinema.Authorization", "Cinema.Authorization\Cinema.Authorization.csproj", "{0064450C-2ACB-4A60-AF03-7A8434676ACF}"
EndProject
Project("{9A19103F-16F7-4668-BE54-9A1E7A4F7556}") = "Cinema.EmailService", "Cinema.EmailService\Cinema.EmailService.csproj", "{DA1303B8-B8DA-4365-8053-01F0E31DE451}"
EndProject
Project("{9A19103F-16F7-4668-BE54-9A1E7A4F7556}") = "Cinema.Web.Api", "Cinema.Web.API\Cinema.Web.Api.csproj", "{6CEC174B-29F8-4813-9C35-84C8382000E2}"
EndProject
Project("{2150E333-8FDC-42A3-9474-1A3956D46DE8}") = "UI", "UI", "{FF48A9D9-B187-46E5-A0A9-08BF3693C131}"
EndProject
Project("{FAE04EC0-301F-11D3-BF4B-00C04F79EFBC}") = "Cinema.WinUI", "Cinema.WinUI\Cinema.WinUI.csproj", "{8F698E5D-6B56-445C-A6E3-C4BAD23BCE21}"
EndProject
Project("{9A19103F-16F7-4668-BE54-9A1E7A4F7556}") = "Cinema.Shared", "Cinema.Shared\Cinema.Shared.csproj", "{968A0E7D-94BC-4462-B508-87769220014A}"
EndProject
Project("{9A19103F-16F7-4668-BE54-9A1E7A4F7556}") = "Cinema.Models", "Cinema.Models\Cinema.Models.csproj", "{A756214A-DD55-44CC-A1C6-2E2BDB9542D9}"
EndProject
Project("{FAE04EC0-301F-11D3-BF4B-00C04F79EFBC}") = "Cinema.Mobile.UWP", "UI\Cinema.Mobile\Cinema.Mobile.UWP\Cinema.Mobile.UWP.csproj", "{4A1D428E-6347-4F02-971A-3FF6BEE0E4B2}"
EndProject
Project("{FAE04EC0-301F-11D3-BF4B-00C04F79EFBC}") = "Cinema.Mobile.Android", "UI\Cinema.Mobile\Cinema.Mobile.Android\Cinema.Mobile.Android.csproj", "{7CC6927D-10D3-4700-BBC9-1DFE9730028D}"
EndProject
Project("{FAE04EC0-301F-11D3-BF4B-00C04F79EFBC}") = "Cinema.Mobile.iOS", "UI\Cinema.Mobile\Cinema.Mobile.iOS\Cinema.Mobile.iOS.csproj", "{9784FF36-6DD2-45AC-BFE1-5E8155B72844}"
EndProject
Project("{9A19103F-16F7-4668-BE54-9A1E7A4F7556}") = "Cinema.Mobile", "UI\Cinema.Mobile\Cinema.Mobile\Cinema.Mobile.csproj", "{DA2F70C9-5577-4990-BCF7-4B1BB4B1456D}"
EndProject
Project("{9A19103F-16F7-4668-BE54-9A1E7A4F7556}") = "Cinema.MovieRecommenderService", "Cinema.MovieRecommenderService\Cinema.MovieRecommenderService.csproj", "{5AE9F036-5D53-4C61-9F60-8D73DEF5393D}"
EndProject
Global
	GlobalSection(SolutionConfigurationPlatforms) = preSolution
		Debug|Any CPU = Debug|Any CPU
		Debug|ARM = Debug|ARM
		Debug|iPhone = Debug|iPhone
		Debug|iPhoneSimulator = Debug|iPhoneSimulator
		Debug|x64 = Debug|x64
		Debug|x86 = Debug|x86
		Release|Any CPU = Release|Any CPU
		Release|ARM = Release|ARM
		Release|iPhone = Release|iPhone
		Release|iPhoneSimulator = Release|iPhoneSimulator
		Release|x64 = Release|x64
		Release|x86 = Release|x86
	EndGlobalSection
	GlobalSection(ProjectConfigurationPlatforms) = postSolution
		{76786E0F-B1F7-449B-8B29-2BBB32753F1A}.Debug|Any CPU.ActiveCfg = Debug|Any CPU
		{76786E0F-B1F7-449B-8B29-2BBB32753F1A}.Debug|Any CPU.Build.0 = Debug|Any CPU
		{76786E0F-B1F7-449B-8B29-2BBB32753F1A}.Debug|ARM.ActiveCfg = Debug|Any CPU
		{76786E0F-B1F7-449B-8B29-2BBB32753F1A}.Debug|ARM.Build.0 = Debug|Any CPU
		{76786E0F-B1F7-449B-8B29-2BBB32753F1A}.Debug|iPhone.ActiveCfg = Debug|Any CPU
		{76786E0F-B1F7-449B-8B29-2BBB32753F1A}.Debug|iPhone.Build.0 = Debug|Any CPU
		{76786E0F-B1F7-449B-8B29-2BBB32753F1A}.Debug|iPhoneSimulator.ActiveCfg = Debug|Any CPU
		{76786E0F-B1F7-449B-8B29-2BBB32753F1A}.Debug|iPhoneSimulator.Build.0 = Debug|Any CPU
		{76786E0F-B1F7-449B-8B29-2BBB32753F1A}.Debug|x64.ActiveCfg = Debug|Any CPU
		{76786E0F-B1F7-449B-8B29-2BBB32753F1A}.Debug|x64.Build.0 = Debug|Any CPU
		{76786E0F-B1F7-449B-8B29-2BBB32753F1A}.Debug|x86.ActiveCfg = Debug|Any CPU
		{76786E0F-B1F7-449B-8B29-2BBB32753F1A}.Debug|x86.Build.0 = Debug|Any CPU
		{76786E0F-B1F7-449B-8B29-2BBB32753F1A}.Release|Any CPU.ActiveCfg = Release|Any CPU
		{76786E0F-B1F7-449B-8B29-2BBB32753F1A}.Release|Any CPU.Build.0 = Release|Any CPU
		{76786E0F-B1F7-449B-8B29-2BBB32753F1A}.Release|ARM.ActiveCfg = Release|Any CPU
		{76786E0F-B1F7-449B-8B29-2BBB32753F1A}.Release|ARM.Build.0 = Release|Any CPU
		{76786E0F-B1F7-449B-8B29-2BBB32753F1A}.Release|iPhone.ActiveCfg = Release|Any CPU
		{76786E0F-B1F7-449B-8B29-2BBB32753F1A}.Release|iPhone.Build.0 = Release|Any CPU
		{76786E0F-B1F7-449B-8B29-2BBB32753F1A}.Release|iPhoneSimulator.ActiveCfg = Release|Any CPU
		{76786E0F-B1F7-449B-8B29-2BBB32753F1A}.Release|iPhoneSimulator.Build.0 = Release|Any CPU
		{76786E0F-B1F7-449B-8B29-2BBB32753F1A}.Release|x64.ActiveCfg = Release|Any CPU
		{76786E0F-B1F7-449B-8B29-2BBB32753F1A}.Release|x64.Build.0 = Release|Any CPU
		{76786E0F-B1F7-449B-8B29-2BBB32753F1A}.Release|x86.ActiveCfg = Release|Any CPU
		{76786E0F-B1F7-449B-8B29-2BBB32753F1A}.Release|x86.Build.0 = Release|Any CPU
		{B436E379-B478-4B5A-A359-48EE86282653}.Debug|Any CPU.ActiveCfg = Debug|Any CPU
		{B436E379-B478-4B5A-A359-48EE86282653}.Debug|Any CPU.Build.0 = Debug|Any CPU
		{B436E379-B478-4B5A-A359-48EE86282653}.Debug|ARM.ActiveCfg = Debug|Any CPU
		{B436E379-B478-4B5A-A359-48EE86282653}.Debug|ARM.Build.0 = Debug|Any CPU
		{B436E379-B478-4B5A-A359-48EE86282653}.Debug|iPhone.ActiveCfg = Debug|Any CPU
		{B436E379-B478-4B5A-A359-48EE86282653}.Debug|iPhone.Build.0 = Debug|Any CPU
		{B436E379-B478-4B5A-A359-48EE86282653}.Debug|iPhoneSimulator.ActiveCfg = Debug|Any CPU
		{B436E379-B478-4B5A-A359-48EE86282653}.Debug|iPhoneSimulator.Build.0 = Debug|Any CPU
		{B436E379-B478-4B5A-A359-48EE86282653}.Debug|x64.ActiveCfg = Debug|Any CPU
		{B436E379-B478-4B5A-A359-48EE86282653}.Debug|x64.Build.0 = Debug|Any CPU
		{B436E379-B478-4B5A-A359-48EE86282653}.Debug|x86.ActiveCfg = Debug|Any CPU
		{B436E379-B478-4B5A-A359-48EE86282653}.Debug|x86.Build.0 = Debug|Any CPU
		{B436E379-B478-4B5A-A359-48EE86282653}.Release|Any CPU.ActiveCfg = Release|Any CPU
		{B436E379-B478-4B5A-A359-48EE86282653}.Release|Any CPU.Build.0 = Release|Any CPU
		{B436E379-B478-4B5A-A359-48EE86282653}.Release|ARM.ActiveCfg = Release|Any CPU
		{B436E379-B478-4B5A-A359-48EE86282653}.Release|ARM.Build.0 = Release|Any CPU
		{B436E379-B478-4B5A-A359-48EE86282653}.Release|iPhone.ActiveCfg = Release|Any CPU
		{B436E379-B478-4B5A-A359-48EE86282653}.Release|iPhone.Build.0 = Release|Any CPU
		{B436E379-B478-4B5A-A359-48EE86282653}.Release|iPhoneSimulator.ActiveCfg = Release|Any CPU
		{B436E379-B478-4B5A-A359-48EE86282653}.Release|iPhoneSimulator.Build.0 = Release|Any CPU
		{B436E379-B478-4B5A-A359-48EE86282653}.Release|x64.ActiveCfg = Release|Any CPU
		{B436E379-B478-4B5A-A359-48EE86282653}.Release|x64.Build.0 = Release|Any CPU
		{B436E379-B478-4B5A-A359-48EE86282653}.Release|x86.ActiveCfg = Release|Any CPU
		{B436E379-B478-4B5A-A359-48EE86282653}.Release|x86.Build.0 = Release|Any CPU
		{ABC21100-AC7A-45D0-8D0E-D2D2721CA1B6}.Debug|Any CPU.ActiveCfg = Debug|Any CPU
		{ABC21100-AC7A-45D0-8D0E-D2D2721CA1B6}.Debug|Any CPU.Build.0 = Debug|Any CPU
		{ABC21100-AC7A-45D0-8D0E-D2D2721CA1B6}.Debug|ARM.ActiveCfg = Debug|Any CPU
		{ABC21100-AC7A-45D0-8D0E-D2D2721CA1B6}.Debug|ARM.Build.0 = Debug|Any CPU
		{ABC21100-AC7A-45D0-8D0E-D2D2721CA1B6}.Debug|iPhone.ActiveCfg = Debug|Any CPU
		{ABC21100-AC7A-45D0-8D0E-D2D2721CA1B6}.Debug|iPhone.Build.0 = Debug|Any CPU
		{ABC21100-AC7A-45D0-8D0E-D2D2721CA1B6}.Debug|iPhoneSimulator.ActiveCfg = Debug|Any CPU
		{ABC21100-AC7A-45D0-8D0E-D2D2721CA1B6}.Debug|iPhoneSimulator.Build.0 = Debug|Any CPU
		{ABC21100-AC7A-45D0-8D0E-D2D2721CA1B6}.Debug|x64.ActiveCfg = Debug|Any CPU
		{ABC21100-AC7A-45D0-8D0E-D2D2721CA1B6}.Debug|x64.Build.0 = Debug|Any CPU
		{ABC21100-AC7A-45D0-8D0E-D2D2721CA1B6}.Debug|x86.ActiveCfg = Debug|Any CPU
		{ABC21100-AC7A-45D0-8D0E-D2D2721CA1B6}.Debug|x86.Build.0 = Debug|Any CPU
		{ABC21100-AC7A-45D0-8D0E-D2D2721CA1B6}.Release|Any CPU.ActiveCfg = Release|Any CPU
		{ABC21100-AC7A-45D0-8D0E-D2D2721CA1B6}.Release|Any CPU.Build.0 = Release|Any CPU
		{ABC21100-AC7A-45D0-8D0E-D2D2721CA1B6}.Release|ARM.ActiveCfg = Release|Any CPU
		{ABC21100-AC7A-45D0-8D0E-D2D2721CA1B6}.Release|ARM.Build.0 = Release|Any CPU
		{ABC21100-AC7A-45D0-8D0E-D2D2721CA1B6}.Release|iPhone.ActiveCfg = Release|Any CPU
		{ABC21100-AC7A-45D0-8D0E-D2D2721CA1B6}.Release|iPhone.Build.0 = Release|Any CPU
		{ABC21100-AC7A-45D0-8D0E-D2D2721CA1B6}.Release|iPhoneSimulator.ActiveCfg = Release|Any CPU
		{ABC21100-AC7A-45D0-8D0E-D2D2721CA1B6}.Release|iPhoneSimulator.Build.0 = Release|Any CPU
		{ABC21100-AC7A-45D0-8D0E-D2D2721CA1B6}.Release|x64.ActiveCfg = Release|Any CPU
		{ABC21100-AC7A-45D0-8D0E-D2D2721CA1B6}.Release|x64.Build.0 = Release|Any CPU
		{ABC21100-AC7A-45D0-8D0E-D2D2721CA1B6}.Release|x86.ActiveCfg = Release|Any CPU
		{ABC21100-AC7A-45D0-8D0E-D2D2721CA1B6}.Release|x86.Build.0 = Release|Any CPU
		{B28027EC-C5A5-492A-B2A2-8F40A38551C2}.Debug|Any CPU.ActiveCfg = Debug|Any CPU
		{B28027EC-C5A5-492A-B2A2-8F40A38551C2}.Debug|Any CPU.Build.0 = Debug|Any CPU
		{B28027EC-C5A5-492A-B2A2-8F40A38551C2}.Debug|ARM.ActiveCfg = Debug|Any CPU
		{B28027EC-C5A5-492A-B2A2-8F40A38551C2}.Debug|ARM.Build.0 = Debug|Any CPU
		{B28027EC-C5A5-492A-B2A2-8F40A38551C2}.Debug|iPhone.ActiveCfg = Debug|Any CPU
		{B28027EC-C5A5-492A-B2A2-8F40A38551C2}.Debug|iPhone.Build.0 = Debug|Any CPU
		{B28027EC-C5A5-492A-B2A2-8F40A38551C2}.Debug|iPhoneSimulator.ActiveCfg = Debug|Any CPU
		{B28027EC-C5A5-492A-B2A2-8F40A38551C2}.Debug|iPhoneSimulator.Build.0 = Debug|Any CPU
		{B28027EC-C5A5-492A-B2A2-8F40A38551C2}.Debug|x64.ActiveCfg = Debug|Any CPU
		{B28027EC-C5A5-492A-B2A2-8F40A38551C2}.Debug|x64.Build.0 = Debug|Any CPU
		{B28027EC-C5A5-492A-B2A2-8F40A38551C2}.Debug|x86.ActiveCfg = Debug|Any CPU
		{B28027EC-C5A5-492A-B2A2-8F40A38551C2}.Debug|x86.Build.0 = Debug|Any CPU
		{B28027EC-C5A5-492A-B2A2-8F40A38551C2}.Release|Any CPU.ActiveCfg = Release|Any CPU
		{B28027EC-C5A5-492A-B2A2-8F40A38551C2}.Release|Any CPU.Build.0 = Release|Any CPU
		{B28027EC-C5A5-492A-B2A2-8F40A38551C2}.Release|ARM.ActiveCfg = Release|Any CPU
		{B28027EC-C5A5-492A-B2A2-8F40A38551C2}.Release|ARM.Build.0 = Release|Any CPU
		{B28027EC-C5A5-492A-B2A2-8F40A38551C2}.Release|iPhone.ActiveCfg = Release|Any CPU
		{B28027EC-C5A5-492A-B2A2-8F40A38551C2}.Release|iPhone.Build.0 = Release|Any CPU
		{B28027EC-C5A5-492A-B2A2-8F40A38551C2}.Release|iPhoneSimulator.ActiveCfg = Release|Any CPU
		{B28027EC-C5A5-492A-B2A2-8F40A38551C2}.Release|iPhoneSimulator.Build.0 = Release|Any CPU
		{B28027EC-C5A5-492A-B2A2-8F40A38551C2}.Release|x64.ActiveCfg = Release|Any CPU
		{B28027EC-C5A5-492A-B2A2-8F40A38551C2}.Release|x64.Build.0 = Release|Any CPU
		{B28027EC-C5A5-492A-B2A2-8F40A38551C2}.Release|x86.ActiveCfg = Release|Any CPU
		{B28027EC-C5A5-492A-B2A2-8F40A38551C2}.Release|x86.Build.0 = Release|Any CPU
		{0064450C-2ACB-4A60-AF03-7A8434676ACF}.Debug|Any CPU.ActiveCfg = Debug|Any CPU
		{0064450C-2ACB-4A60-AF03-7A8434676ACF}.Debug|Any CPU.Build.0 = Debug|Any CPU
		{0064450C-2ACB-4A60-AF03-7A8434676ACF}.Debug|ARM.ActiveCfg = Debug|Any CPU
		{0064450C-2ACB-4A60-AF03-7A8434676ACF}.Debug|ARM.Build.0 = Debug|Any CPU
		{0064450C-2ACB-4A60-AF03-7A8434676ACF}.Debug|iPhone.ActiveCfg = Debug|Any CPU
		{0064450C-2ACB-4A60-AF03-7A8434676ACF}.Debug|iPhone.Build.0 = Debug|Any CPU
		{0064450C-2ACB-4A60-AF03-7A8434676ACF}.Debug|iPhoneSimulator.ActiveCfg = Debug|Any CPU
		{0064450C-2ACB-4A60-AF03-7A8434676ACF}.Debug|iPhoneSimulator.Build.0 = Debug|Any CPU
		{0064450C-2ACB-4A60-AF03-7A8434676ACF}.Debug|x64.ActiveCfg = Debug|Any CPU
		{0064450C-2ACB-4A60-AF03-7A8434676ACF}.Debug|x64.Build.0 = Debug|Any CPU
		{0064450C-2ACB-4A60-AF03-7A8434676ACF}.Debug|x86.ActiveCfg = Debug|Any CPU
		{0064450C-2ACB-4A60-AF03-7A8434676ACF}.Debug|x86.Build.0 = Debug|Any CPU
		{0064450C-2ACB-4A60-AF03-7A8434676ACF}.Release|Any CPU.ActiveCfg = Release|Any CPU
		{0064450C-2ACB-4A60-AF03-7A8434676ACF}.Release|Any CPU.Build.0 = Release|Any CPU
		{0064450C-2ACB-4A60-AF03-7A8434676ACF}.Release|ARM.ActiveCfg = Release|Any CPU
		{0064450C-2ACB-4A60-AF03-7A8434676ACF}.Release|ARM.Build.0 = Release|Any CPU
		{0064450C-2ACB-4A60-AF03-7A8434676ACF}.Release|iPhone.ActiveCfg = Release|Any CPU
		{0064450C-2ACB-4A60-AF03-7A8434676ACF}.Release|iPhone.Build.0 = Release|Any CPU
		{0064450C-2ACB-4A60-AF03-7A8434676ACF}.Release|iPhoneSimulator.ActiveCfg = Release|Any CPU
		{0064450C-2ACB-4A60-AF03-7A8434676ACF}.Release|iPhoneSimulator.Build.0 = Release|Any CPU
		{0064450C-2ACB-4A60-AF03-7A8434676ACF}.Release|x64.ActiveCfg = Release|Any CPU
		{0064450C-2ACB-4A60-AF03-7A8434676ACF}.Release|x64.Build.0 = Release|Any CPU
		{0064450C-2ACB-4A60-AF03-7A8434676ACF}.Release|x86.ActiveCfg = Release|Any CPU
		{0064450C-2ACB-4A60-AF03-7A8434676ACF}.Release|x86.Build.0 = Release|Any CPU
		{DA1303B8-B8DA-4365-8053-01F0E31DE451}.Debug|Any CPU.ActiveCfg = Debug|Any CPU
		{DA1303B8-B8DA-4365-8053-01F0E31DE451}.Debug|Any CPU.Build.0 = Debug|Any CPU
		{DA1303B8-B8DA-4365-8053-01F0E31DE451}.Debug|ARM.ActiveCfg = Debug|Any CPU
		{DA1303B8-B8DA-4365-8053-01F0E31DE451}.Debug|ARM.Build.0 = Debug|Any CPU
		{DA1303B8-B8DA-4365-8053-01F0E31DE451}.Debug|iPhone.ActiveCfg = Debug|Any CPU
		{DA1303B8-B8DA-4365-8053-01F0E31DE451}.Debug|iPhone.Build.0 = Debug|Any CPU
		{DA1303B8-B8DA-4365-8053-01F0E31DE451}.Debug|iPhoneSimulator.ActiveCfg = Debug|Any CPU
		{DA1303B8-B8DA-4365-8053-01F0E31DE451}.Debug|iPhoneSimulator.Build.0 = Debug|Any CPU
		{DA1303B8-B8DA-4365-8053-01F0E31DE451}.Debug|x64.ActiveCfg = Debug|Any CPU
		{DA1303B8-B8DA-4365-8053-01F0E31DE451}.Debug|x64.Build.0 = Debug|Any CPU
		{DA1303B8-B8DA-4365-8053-01F0E31DE451}.Debug|x86.ActiveCfg = Debug|Any CPU
		{DA1303B8-B8DA-4365-8053-01F0E31DE451}.Debug|x86.Build.0 = Debug|Any CPU
		{DA1303B8-B8DA-4365-8053-01F0E31DE451}.Release|Any CPU.ActiveCfg = Release|Any CPU
		{DA1303B8-B8DA-4365-8053-01F0E31DE451}.Release|Any CPU.Build.0 = Release|Any CPU
		{DA1303B8-B8DA-4365-8053-01F0E31DE451}.Release|ARM.ActiveCfg = Release|Any CPU
		{DA1303B8-B8DA-4365-8053-01F0E31DE451}.Release|ARM.Build.0 = Release|Any CPU
		{DA1303B8-B8DA-4365-8053-01F0E31DE451}.Release|iPhone.ActiveCfg = Release|Any CPU
		{DA1303B8-B8DA-4365-8053-01F0E31DE451}.Release|iPhone.Build.0 = Release|Any CPU
		{DA1303B8-B8DA-4365-8053-01F0E31DE451}.Release|iPhoneSimulator.ActiveCfg = Release|Any CPU
		{DA1303B8-B8DA-4365-8053-01F0E31DE451}.Release|iPhoneSimulator.Build.0 = Release|Any CPU
		{DA1303B8-B8DA-4365-8053-01F0E31DE451}.Release|x64.ActiveCfg = Release|Any CPU
		{DA1303B8-B8DA-4365-8053-01F0E31DE451}.Release|x64.Build.0 = Release|Any CPU
		{DA1303B8-B8DA-4365-8053-01F0E31DE451}.Release|x86.ActiveCfg = Release|Any CPU
		{DA1303B8-B8DA-4365-8053-01F0E31DE451}.Release|x86.Build.0 = Release|Any CPU
		{6CEC174B-29F8-4813-9C35-84C8382000E2}.Debug|Any CPU.ActiveCfg = Debug|Any CPU
		{6CEC174B-29F8-4813-9C35-84C8382000E2}.Debug|Any CPU.Build.0 = Debug|Any CPU
		{6CEC174B-29F8-4813-9C35-84C8382000E2}.Debug|ARM.ActiveCfg = Debug|Any CPU
		{6CEC174B-29F8-4813-9C35-84C8382000E2}.Debug|ARM.Build.0 = Debug|Any CPU
		{6CEC174B-29F8-4813-9C35-84C8382000E2}.Debug|iPhone.ActiveCfg = Debug|Any CPU
		{6CEC174B-29F8-4813-9C35-84C8382000E2}.Debug|iPhone.Build.0 = Debug|Any CPU
		{6CEC174B-29F8-4813-9C35-84C8382000E2}.Debug|iPhoneSimulator.ActiveCfg = Debug|Any CPU
		{6CEC174B-29F8-4813-9C35-84C8382000E2}.Debug|iPhoneSimulator.Build.0 = Debug|Any CPU
		{6CEC174B-29F8-4813-9C35-84C8382000E2}.Debug|x64.ActiveCfg = Debug|Any CPU
		{6CEC174B-29F8-4813-9C35-84C8382000E2}.Debug|x64.Build.0 = Debug|Any CPU
		{6CEC174B-29F8-4813-9C35-84C8382000E2}.Debug|x86.ActiveCfg = Debug|Any CPU
		{6CEC174B-29F8-4813-9C35-84C8382000E2}.Debug|x86.Build.0 = Debug|Any CPU
		{6CEC174B-29F8-4813-9C35-84C8382000E2}.Release|Any CPU.ActiveCfg = Release|Any CPU
		{6CEC174B-29F8-4813-9C35-84C8382000E2}.Release|Any CPU.Build.0 = Release|Any CPU
		{6CEC174B-29F8-4813-9C35-84C8382000E2}.Release|ARM.ActiveCfg = Release|Any CPU
		{6CEC174B-29F8-4813-9C35-84C8382000E2}.Release|ARM.Build.0 = Release|Any CPU
		{6CEC174B-29F8-4813-9C35-84C8382000E2}.Release|iPhone.ActiveCfg = Release|Any CPU
		{6CEC174B-29F8-4813-9C35-84C8382000E2}.Release|iPhone.Build.0 = Release|Any CPU
		{6CEC174B-29F8-4813-9C35-84C8382000E2}.Release|iPhoneSimulator.ActiveCfg = Release|Any CPU
		{6CEC174B-29F8-4813-9C35-84C8382000E2}.Release|iPhoneSimulator.Build.0 = Release|Any CPU
		{6CEC174B-29F8-4813-9C35-84C8382000E2}.Release|x64.ActiveCfg = Release|Any CPU
		{6CEC174B-29F8-4813-9C35-84C8382000E2}.Release|x64.Build.0 = Release|Any CPU
		{6CEC174B-29F8-4813-9C35-84C8382000E2}.Release|x86.ActiveCfg = Release|Any CPU
		{6CEC174B-29F8-4813-9C35-84C8382000E2}.Release|x86.Build.0 = Release|Any CPU
		{8F698E5D-6B56-445C-A6E3-C4BAD23BCE21}.Debug|Any CPU.ActiveCfg = Debug|Any CPU
		{8F698E5D-6B56-445C-A6E3-C4BAD23BCE21}.Debug|Any CPU.Build.0 = Debug|Any CPU
		{8F698E5D-6B56-445C-A6E3-C4BAD23BCE21}.Debug|ARM.ActiveCfg = Debug|Any CPU
		{8F698E5D-6B56-445C-A6E3-C4BAD23BCE21}.Debug|ARM.Build.0 = Debug|Any CPU
		{8F698E5D-6B56-445C-A6E3-C4BAD23BCE21}.Debug|iPhone.ActiveCfg = Debug|Any CPU
		{8F698E5D-6B56-445C-A6E3-C4BAD23BCE21}.Debug|iPhone.Build.0 = Debug|Any CPU
		{8F698E5D-6B56-445C-A6E3-C4BAD23BCE21}.Debug|iPhoneSimulator.ActiveCfg = Debug|Any CPU
		{8F698E5D-6B56-445C-A6E3-C4BAD23BCE21}.Debug|iPhoneSimulator.Build.0 = Debug|Any CPU
		{8F698E5D-6B56-445C-A6E3-C4BAD23BCE21}.Debug|x64.ActiveCfg = Debug|Any CPU
		{8F698E5D-6B56-445C-A6E3-C4BAD23BCE21}.Debug|x64.Build.0 = Debug|Any CPU
		{8F698E5D-6B56-445C-A6E3-C4BAD23BCE21}.Debug|x86.ActiveCfg = Debug|Any CPU
		{8F698E5D-6B56-445C-A6E3-C4BAD23BCE21}.Debug|x86.Build.0 = Debug|Any CPU
		{8F698E5D-6B56-445C-A6E3-C4BAD23BCE21}.Release|Any CPU.ActiveCfg = Release|Any CPU
		{8F698E5D-6B56-445C-A6E3-C4BAD23BCE21}.Release|Any CPU.Build.0 = Release|Any CPU
		{8F698E5D-6B56-445C-A6E3-C4BAD23BCE21}.Release|ARM.ActiveCfg = Release|Any CPU
		{8F698E5D-6B56-445C-A6E3-C4BAD23BCE21}.Release|ARM.Build.0 = Release|Any CPU
		{8F698E5D-6B56-445C-A6E3-C4BAD23BCE21}.Release|iPhone.ActiveCfg = Release|Any CPU
		{8F698E5D-6B56-445C-A6E3-C4BAD23BCE21}.Release|iPhone.Build.0 = Release|Any CPU
		{8F698E5D-6B56-445C-A6E3-C4BAD23BCE21}.Release|iPhoneSimulator.ActiveCfg = Release|Any CPU
		{8F698E5D-6B56-445C-A6E3-C4BAD23BCE21}.Release|iPhoneSimulator.Build.0 = Release|Any CPU
		{8F698E5D-6B56-445C-A6E3-C4BAD23BCE21}.Release|x64.ActiveCfg = Release|Any CPU
		{8F698E5D-6B56-445C-A6E3-C4BAD23BCE21}.Release|x64.Build.0 = Release|Any CPU
		{8F698E5D-6B56-445C-A6E3-C4BAD23BCE21}.Release|x86.ActiveCfg = Release|Any CPU
		{8F698E5D-6B56-445C-A6E3-C4BAD23BCE21}.Release|x86.Build.0 = Release|Any CPU
		{968A0E7D-94BC-4462-B508-87769220014A}.Debug|Any CPU.ActiveCfg = Debug|Any CPU
		{968A0E7D-94BC-4462-B508-87769220014A}.Debug|Any CPU.Build.0 = Debug|Any CPU
		{968A0E7D-94BC-4462-B508-87769220014A}.Debug|ARM.ActiveCfg = Debug|Any CPU
		{968A0E7D-94BC-4462-B508-87769220014A}.Debug|ARM.Build.0 = Debug|Any CPU
		{968A0E7D-94BC-4462-B508-87769220014A}.Debug|iPhone.ActiveCfg = Debug|Any CPU
		{968A0E7D-94BC-4462-B508-87769220014A}.Debug|iPhone.Build.0 = Debug|Any CPU
		{968A0E7D-94BC-4462-B508-87769220014A}.Debug|iPhoneSimulator.ActiveCfg = Debug|Any CPU
		{968A0E7D-94BC-4462-B508-87769220014A}.Debug|iPhoneSimulator.Build.0 = Debug|Any CPU
		{968A0E7D-94BC-4462-B508-87769220014A}.Debug|x64.ActiveCfg = Debug|Any CPU
		{968A0E7D-94BC-4462-B508-87769220014A}.Debug|x64.Build.0 = Debug|Any CPU
		{968A0E7D-94BC-4462-B508-87769220014A}.Debug|x86.ActiveCfg = Debug|Any CPU
		{968A0E7D-94BC-4462-B508-87769220014A}.Debug|x86.Build.0 = Debug|Any CPU
		{968A0E7D-94BC-4462-B508-87769220014A}.Release|Any CPU.ActiveCfg = Release|Any CPU
		{968A0E7D-94BC-4462-B508-87769220014A}.Release|Any CPU.Build.0 = Release|Any CPU
		{968A0E7D-94BC-4462-B508-87769220014A}.Release|ARM.ActiveCfg = Release|Any CPU
		{968A0E7D-94BC-4462-B508-87769220014A}.Release|ARM.Build.0 = Release|Any CPU
		{968A0E7D-94BC-4462-B508-87769220014A}.Release|iPhone.ActiveCfg = Release|Any CPU
		{968A0E7D-94BC-4462-B508-87769220014A}.Release|iPhone.Build.0 = Release|Any CPU
		{968A0E7D-94BC-4462-B508-87769220014A}.Release|iPhoneSimulator.ActiveCfg = Release|Any CPU
		{968A0E7D-94BC-4462-B508-87769220014A}.Release|iPhoneSimulator.Build.0 = Release|Any CPU
		{968A0E7D-94BC-4462-B508-87769220014A}.Release|x64.ActiveCfg = Release|Any CPU
		{968A0E7D-94BC-4462-B508-87769220014A}.Release|x64.Build.0 = Release|Any CPU
		{968A0E7D-94BC-4462-B508-87769220014A}.Release|x86.ActiveCfg = Release|Any CPU
		{968A0E7D-94BC-4462-B508-87769220014A}.Release|x86.Build.0 = Release|Any CPU
		{A756214A-DD55-44CC-A1C6-2E2BDB9542D9}.Debug|Any CPU.ActiveCfg = Debug|Any CPU
		{A756214A-DD55-44CC-A1C6-2E2BDB9542D9}.Debug|Any CPU.Build.0 = Debug|Any CPU
		{A756214A-DD55-44CC-A1C6-2E2BDB9542D9}.Debug|ARM.ActiveCfg = Debug|Any CPU
		{A756214A-DD55-44CC-A1C6-2E2BDB9542D9}.Debug|ARM.Build.0 = Debug|Any CPU
		{A756214A-DD55-44CC-A1C6-2E2BDB9542D9}.Debug|iPhone.ActiveCfg = Debug|Any CPU
		{A756214A-DD55-44CC-A1C6-2E2BDB9542D9}.Debug|iPhone.Build.0 = Debug|Any CPU
		{A756214A-DD55-44CC-A1C6-2E2BDB9542D9}.Debug|iPhoneSimulator.ActiveCfg = Debug|Any CPU
		{A756214A-DD55-44CC-A1C6-2E2BDB9542D9}.Debug|iPhoneSimulator.Build.0 = Debug|Any CPU
		{A756214A-DD55-44CC-A1C6-2E2BDB9542D9}.Debug|x64.ActiveCfg = Debug|Any CPU
		{A756214A-DD55-44CC-A1C6-2E2BDB9542D9}.Debug|x64.Build.0 = Debug|Any CPU
		{A756214A-DD55-44CC-A1C6-2E2BDB9542D9}.Debug|x86.ActiveCfg = Debug|Any CPU
		{A756214A-DD55-44CC-A1C6-2E2BDB9542D9}.Debug|x86.Build.0 = Debug|Any CPU
		{A756214A-DD55-44CC-A1C6-2E2BDB9542D9}.Release|Any CPU.ActiveCfg = Release|Any CPU
		{A756214A-DD55-44CC-A1C6-2E2BDB9542D9}.Release|Any CPU.Build.0 = Release|Any CPU
		{A756214A-DD55-44CC-A1C6-2E2BDB9542D9}.Release|ARM.ActiveCfg = Release|Any CPU
		{A756214A-DD55-44CC-A1C6-2E2BDB9542D9}.Release|ARM.Build.0 = Release|Any CPU
		{A756214A-DD55-44CC-A1C6-2E2BDB9542D9}.Release|iPhone.ActiveCfg = Release|Any CPU
		{A756214A-DD55-44CC-A1C6-2E2BDB9542D9}.Release|iPhone.Build.0 = Release|Any CPU
		{A756214A-DD55-44CC-A1C6-2E2BDB9542D9}.Release|iPhoneSimulator.ActiveCfg = Release|Any CPU
		{A756214A-DD55-44CC-A1C6-2E2BDB9542D9}.Release|iPhoneSimulator.Build.0 = Release|Any CPU
		{A756214A-DD55-44CC-A1C6-2E2BDB9542D9}.Release|x64.ActiveCfg = Release|Any CPU
		{A756214A-DD55-44CC-A1C6-2E2BDB9542D9}.Release|x64.Build.0 = Release|Any CPU
		{A756214A-DD55-44CC-A1C6-2E2BDB9542D9}.Release|x86.ActiveCfg = Release|Any CPU
		{A756214A-DD55-44CC-A1C6-2E2BDB9542D9}.Release|x86.Build.0 = Release|Any CPU
		{4A1D428E-6347-4F02-971A-3FF6BEE0E4B2}.Debug|Any CPU.ActiveCfg = Debug|x86
		{4A1D428E-6347-4F02-971A-3FF6BEE0E4B2}.Debug|ARM.ActiveCfg = Debug|ARM
		{4A1D428E-6347-4F02-971A-3FF6BEE0E4B2}.Debug|ARM.Build.0 = Debug|ARM
		{4A1D428E-6347-4F02-971A-3FF6BEE0E4B2}.Debug|ARM.Deploy.0 = Debug|ARM
		{4A1D428E-6347-4F02-971A-3FF6BEE0E4B2}.Debug|iPhone.ActiveCfg = Debug|x86
		{4A1D428E-6347-4F02-971A-3FF6BEE0E4B2}.Debug|iPhoneSimulator.ActiveCfg = Debug|x86
		{4A1D428E-6347-4F02-971A-3FF6BEE0E4B2}.Debug|x64.ActiveCfg = Debug|x64
		{4A1D428E-6347-4F02-971A-3FF6BEE0E4B2}.Debug|x64.Build.0 = Debug|x64
		{4A1D428E-6347-4F02-971A-3FF6BEE0E4B2}.Debug|x64.Deploy.0 = Debug|x64
		{4A1D428E-6347-4F02-971A-3FF6BEE0E4B2}.Debug|x86.ActiveCfg = Debug|x86
		{4A1D428E-6347-4F02-971A-3FF6BEE0E4B2}.Debug|x86.Build.0 = Debug|x86
		{4A1D428E-6347-4F02-971A-3FF6BEE0E4B2}.Debug|x86.Deploy.0 = Debug|x86
		{4A1D428E-6347-4F02-971A-3FF6BEE0E4B2}.Release|Any CPU.ActiveCfg = Release|x86
		{4A1D428E-6347-4F02-971A-3FF6BEE0E4B2}.Release|ARM.ActiveCfg = Release|ARM
		{4A1D428E-6347-4F02-971A-3FF6BEE0E4B2}.Release|ARM.Build.0 = Release|ARM
		{4A1D428E-6347-4F02-971A-3FF6BEE0E4B2}.Release|ARM.Deploy.0 = Release|ARM
		{4A1D428E-6347-4F02-971A-3FF6BEE0E4B2}.Release|iPhone.ActiveCfg = Release|x86
		{4A1D428E-6347-4F02-971A-3FF6BEE0E4B2}.Release|iPhoneSimulator.ActiveCfg = Release|x86
		{4A1D428E-6347-4F02-971A-3FF6BEE0E4B2}.Release|x64.ActiveCfg = Release|x64
		{4A1D428E-6347-4F02-971A-3FF6BEE0E4B2}.Release|x64.Build.0 = Release|x64
		{4A1D428E-6347-4F02-971A-3FF6BEE0E4B2}.Release|x64.Deploy.0 = Release|x64
		{4A1D428E-6347-4F02-971A-3FF6BEE0E4B2}.Release|x86.ActiveCfg = Release|x86
		{4A1D428E-6347-4F02-971A-3FF6BEE0E4B2}.Release|x86.Build.0 = Release|x86
		{4A1D428E-6347-4F02-971A-3FF6BEE0E4B2}.Release|x86.Deploy.0 = Release|x86
		{7CC6927D-10D3-4700-BBC9-1DFE9730028D}.Debug|Any CPU.ActiveCfg = Debug|Any CPU
		{7CC6927D-10D3-4700-BBC9-1DFE9730028D}.Debug|Any CPU.Build.0 = Debug|Any CPU
		{7CC6927D-10D3-4700-BBC9-1DFE9730028D}.Debug|Any CPU.Deploy.0 = Debug|Any CPU
		{7CC6927D-10D3-4700-BBC9-1DFE9730028D}.Debug|ARM.ActiveCfg = Debug|Any CPU
		{7CC6927D-10D3-4700-BBC9-1DFE9730028D}.Debug|ARM.Build.0 = Debug|Any CPU
		{7CC6927D-10D3-4700-BBC9-1DFE9730028D}.Debug|ARM.Deploy.0 = Debug|Any CPU
		{7CC6927D-10D3-4700-BBC9-1DFE9730028D}.Debug|iPhone.ActiveCfg = Debug|Any CPU
		{7CC6927D-10D3-4700-BBC9-1DFE9730028D}.Debug|iPhone.Build.0 = Debug|Any CPU
		{7CC6927D-10D3-4700-BBC9-1DFE9730028D}.Debug|iPhone.Deploy.0 = Debug|Any CPU
		{7CC6927D-10D3-4700-BBC9-1DFE9730028D}.Debug|iPhoneSimulator.ActiveCfg = Debug|Any CPU
		{7CC6927D-10D3-4700-BBC9-1DFE9730028D}.Debug|iPhoneSimulator.Build.0 = Debug|Any CPU
		{7CC6927D-10D3-4700-BBC9-1DFE9730028D}.Debug|iPhoneSimulator.Deploy.0 = Debug|Any CPU
		{7CC6927D-10D3-4700-BBC9-1DFE9730028D}.Debug|x64.ActiveCfg = Debug|Any CPU
		{7CC6927D-10D3-4700-BBC9-1DFE9730028D}.Debug|x64.Build.0 = Debug|Any CPU
		{7CC6927D-10D3-4700-BBC9-1DFE9730028D}.Debug|x64.Deploy.0 = Debug|Any CPU
		{7CC6927D-10D3-4700-BBC9-1DFE9730028D}.Debug|x86.ActiveCfg = Debug|Any CPU
		{7CC6927D-10D3-4700-BBC9-1DFE9730028D}.Debug|x86.Build.0 = Debug|Any CPU
		{7CC6927D-10D3-4700-BBC9-1DFE9730028D}.Debug|x86.Deploy.0 = Debug|Any CPU
		{7CC6927D-10D3-4700-BBC9-1DFE9730028D}.Release|Any CPU.ActiveCfg = Release|Any CPU
		{7CC6927D-10D3-4700-BBC9-1DFE9730028D}.Release|Any CPU.Build.0 = Release|Any CPU
		{7CC6927D-10D3-4700-BBC9-1DFE9730028D}.Release|Any CPU.Deploy.0 = Release|Any CPU
		{7CC6927D-10D3-4700-BBC9-1DFE9730028D}.Release|ARM.ActiveCfg = Release|Any CPU
		{7CC6927D-10D3-4700-BBC9-1DFE9730028D}.Release|ARM.Build.0 = Release|Any CPU
		{7CC6927D-10D3-4700-BBC9-1DFE9730028D}.Release|ARM.Deploy.0 = Release|Any CPU
		{7CC6927D-10D3-4700-BBC9-1DFE9730028D}.Release|iPhone.ActiveCfg = Release|Any CPU
		{7CC6927D-10D3-4700-BBC9-1DFE9730028D}.Release|iPhone.Build.0 = Release|Any CPU
		{7CC6927D-10D3-4700-BBC9-1DFE9730028D}.Release|iPhone.Deploy.0 = Release|Any CPU
		{7CC6927D-10D3-4700-BBC9-1DFE9730028D}.Release|iPhoneSimulator.ActiveCfg = Release|Any CPU
		{7CC6927D-10D3-4700-BBC9-1DFE9730028D}.Release|iPhoneSimulator.Build.0 = Release|Any CPU
		{7CC6927D-10D3-4700-BBC9-1DFE9730028D}.Release|iPhoneSimulator.Deploy.0 = Release|Any CPU
		{7CC6927D-10D3-4700-BBC9-1DFE9730028D}.Release|x64.ActiveCfg = Release|Any CPU
		{7CC6927D-10D3-4700-BBC9-1DFE9730028D}.Release|x64.Build.0 = Release|Any CPU
		{7CC6927D-10D3-4700-BBC9-1DFE9730028D}.Release|x64.Deploy.0 = Release|Any CPU
		{7CC6927D-10D3-4700-BBC9-1DFE9730028D}.Release|x86.ActiveCfg = Release|Any CPU
		{7CC6927D-10D3-4700-BBC9-1DFE9730028D}.Release|x86.Build.0 = Release|Any CPU
		{7CC6927D-10D3-4700-BBC9-1DFE9730028D}.Release|x86.Deploy.0 = Release|Any CPU
		{9784FF36-6DD2-45AC-BFE1-5E8155B72844}.Debug|Any CPU.ActiveCfg = Debug|iPhone
		{9784FF36-6DD2-45AC-BFE1-5E8155B72844}.Debug|ARM.ActiveCfg = Debug|iPhone
		{9784FF36-6DD2-45AC-BFE1-5E8155B72844}.Debug|iPhone.ActiveCfg = Debug|iPhone
		{9784FF36-6DD2-45AC-BFE1-5E8155B72844}.Debug|iPhone.Build.0 = Debug|iPhone
		{9784FF36-6DD2-45AC-BFE1-5E8155B72844}.Debug|iPhoneSimulator.ActiveCfg = Debug|iPhoneSimulator
		{9784FF36-6DD2-45AC-BFE1-5E8155B72844}.Debug|iPhoneSimulator.Build.0 = Debug|iPhoneSimulator
		{9784FF36-6DD2-45AC-BFE1-5E8155B72844}.Debug|x64.ActiveCfg = Debug|iPhone
		{9784FF36-6DD2-45AC-BFE1-5E8155B72844}.Debug|x86.ActiveCfg = Debug|iPhone
		{9784FF36-6DD2-45AC-BFE1-5E8155B72844}.Release|Any CPU.ActiveCfg = Release|iPhone
		{9784FF36-6DD2-45AC-BFE1-5E8155B72844}.Release|ARM.ActiveCfg = Release|iPhone
		{9784FF36-6DD2-45AC-BFE1-5E8155B72844}.Release|iPhone.ActiveCfg = Release|iPhone
		{9784FF36-6DD2-45AC-BFE1-5E8155B72844}.Release|iPhone.Build.0 = Release|iPhone
		{9784FF36-6DD2-45AC-BFE1-5E8155B72844}.Release|iPhoneSimulator.ActiveCfg = Release|iPhoneSimulator
		{9784FF36-6DD2-45AC-BFE1-5E8155B72844}.Release|iPhoneSimulator.Build.0 = Release|iPhoneSimulator
		{9784FF36-6DD2-45AC-BFE1-5E8155B72844}.Release|x64.ActiveCfg = Release|iPhone
		{9784FF36-6DD2-45AC-BFE1-5E8155B72844}.Release|x86.ActiveCfg = Release|iPhone
		{DA2F70C9-5577-4990-BCF7-4B1BB4B1456D}.Debug|Any CPU.ActiveCfg = Debug|Any CPU
		{DA2F70C9-5577-4990-BCF7-4B1BB4B1456D}.Debug|Any CPU.Build.0 = Debug|Any CPU
		{DA2F70C9-5577-4990-BCF7-4B1BB4B1456D}.Debug|ARM.ActiveCfg = Debug|Any CPU
		{DA2F70C9-5577-4990-BCF7-4B1BB4B1456D}.Debug|ARM.Build.0 = Debug|Any CPU
		{DA2F70C9-5577-4990-BCF7-4B1BB4B1456D}.Debug|iPhone.ActiveCfg = Debug|Any CPU
		{DA2F70C9-5577-4990-BCF7-4B1BB4B1456D}.Debug|iPhone.Build.0 = Debug|Any CPU
		{DA2F70C9-5577-4990-BCF7-4B1BB4B1456D}.Debug|iPhoneSimulator.ActiveCfg = Debug|Any CPU
		{DA2F70C9-5577-4990-BCF7-4B1BB4B1456D}.Debug|iPhoneSimulator.Build.0 = Debug|Any CPU
		{DA2F70C9-5577-4990-BCF7-4B1BB4B1456D}.Debug|x64.ActiveCfg = Debug|Any CPU
		{DA2F70C9-5577-4990-BCF7-4B1BB4B1456D}.Debug|x64.Build.0 = Debug|Any CPU
		{DA2F70C9-5577-4990-BCF7-4B1BB4B1456D}.Debug|x86.ActiveCfg = Debug|Any CPU
		{DA2F70C9-5577-4990-BCF7-4B1BB4B1456D}.Debug|x86.Build.0 = Debug|Any CPU
		{DA2F70C9-5577-4990-BCF7-4B1BB4B1456D}.Release|Any CPU.ActiveCfg = Release|Any CPU
		{DA2F70C9-5577-4990-BCF7-4B1BB4B1456D}.Release|Any CPU.Build.0 = Release|Any CPU
		{DA2F70C9-5577-4990-BCF7-4B1BB4B1456D}.Release|ARM.ActiveCfg = Release|Any CPU
		{DA2F70C9-5577-4990-BCF7-4B1BB4B1456D}.Release|ARM.Build.0 = Release|Any CPU
		{DA2F70C9-5577-4990-BCF7-4B1BB4B1456D}.Release|iPhone.ActiveCfg = Release|Any CPU
		{DA2F70C9-5577-4990-BCF7-4B1BB4B1456D}.Release|iPhone.Build.0 = Release|Any CPU
		{DA2F70C9-5577-4990-BCF7-4B1BB4B1456D}.Release|iPhoneSimulator.ActiveCfg = Release|Any CPU
		{DA2F70C9-5577-4990-BCF7-4B1BB4B1456D}.Release|iPhoneSimulator.Build.0 = Release|Any CPU
		{DA2F70C9-5577-4990-BCF7-4B1BB4B1456D}.Release|x64.ActiveCfg = Release|Any CPU
		{DA2F70C9-5577-4990-BCF7-4B1BB4B1456D}.Release|x64.Build.0 = Release|Any CPU
		{DA2F70C9-5577-4990-BCF7-4B1BB4B1456D}.Release|x86.ActiveCfg = Release|Any CPU
		{DA2F70C9-5577-4990-BCF7-4B1BB4B1456D}.Release|x86.Build.0 = Release|Any CPU
		{5AE9F036-5D53-4C61-9F60-8D73DEF5393D}.Debug|Any CPU.ActiveCfg = Debug|Any CPU
		{5AE9F036-5D53-4C61-9F60-8D73DEF5393D}.Debug|Any CPU.Build.0 = Debug|Any CPU
		{5AE9F036-5D53-4C61-9F60-8D73DEF5393D}.Debug|ARM.ActiveCfg = Debug|Any CPU
		{5AE9F036-5D53-4C61-9F60-8D73DEF5393D}.Debug|ARM.Build.0 = Debug|Any CPU
		{5AE9F036-5D53-4C61-9F60-8D73DEF5393D}.Debug|iPhone.ActiveCfg = Debug|Any CPU
		{5AE9F036-5D53-4C61-9F60-8D73DEF5393D}.Debug|iPhone.Build.0 = Debug|Any CPU
		{5AE9F036-5D53-4C61-9F60-8D73DEF5393D}.Debug|iPhoneSimulator.ActiveCfg = Debug|Any CPU
		{5AE9F036-5D53-4C61-9F60-8D73DEF5393D}.Debug|iPhoneSimulator.Build.0 = Debug|Any CPU
		{5AE9F036-5D53-4C61-9F60-8D73DEF5393D}.Debug|x64.ActiveCfg = Debug|Any CPU
		{5AE9F036-5D53-4C61-9F60-8D73DEF5393D}.Debug|x64.Build.0 = Debug|Any CPU
		{5AE9F036-5D53-4C61-9F60-8D73DEF5393D}.Debug|x86.ActiveCfg = Debug|Any CPU
		{5AE9F036-5D53-4C61-9F60-8D73DEF5393D}.Debug|x86.Build.0 = Debug|Any CPU
		{5AE9F036-5D53-4C61-9F60-8D73DEF5393D}.Release|Any CPU.ActiveCfg = Release|Any CPU
		{5AE9F036-5D53-4C61-9F60-8D73DEF5393D}.Release|Any CPU.Build.0 = Release|Any CPU
		{5AE9F036-5D53-4C61-9F60-8D73DEF5393D}.Release|ARM.ActiveCfg = Release|Any CPU
		{5AE9F036-5D53-4C61-9F60-8D73DEF5393D}.Release|ARM.Build.0 = Release|Any CPU
		{5AE9F036-5D53-4C61-9F60-8D73DEF5393D}.Release|iPhone.ActiveCfg = Release|Any CPU
		{5AE9F036-5D53-4C61-9F60-8D73DEF5393D}.Release|iPhone.Build.0 = Release|Any CPU
		{5AE9F036-5D53-4C61-9F60-8D73DEF5393D}.Release|iPhoneSimulator.ActiveCfg = Release|Any CPU
		{5AE9F036-5D53-4C61-9F60-8D73DEF5393D}.Release|iPhoneSimulator.Build.0 = Release|Any CPU
		{5AE9F036-5D53-4C61-9F60-8D73DEF5393D}.Release|x64.ActiveCfg = Release|Any CPU
		{5AE9F036-5D53-4C61-9F60-8D73DEF5393D}.Release|x64.Build.0 = Release|Any CPU
		{5AE9F036-5D53-4C61-9F60-8D73DEF5393D}.Release|x86.ActiveCfg = Release|Any CPU
		{5AE9F036-5D53-4C61-9F60-8D73DEF5393D}.Release|x86.Build.0 = Release|Any CPU
	EndGlobalSection
	GlobalSection(SolutionProperties) = preSolution
		HideSolutionNode = FALSE
	EndGlobalSection
	GlobalSection(NestedProjects) = preSolution
		{8F698E5D-6B56-445C-A6E3-C4BAD23BCE21} = {FF48A9D9-B187-46E5-A0A9-08BF3693C131}
		{4A1D428E-6347-4F02-971A-3FF6BEE0E4B2} = {FF48A9D9-B187-46E5-A0A9-08BF3693C131}
		{7CC6927D-10D3-4700-BBC9-1DFE9730028D} = {FF48A9D9-B187-46E5-A0A9-08BF3693C131}
		{9784FF36-6DD2-45AC-BFE1-5E8155B72844} = {FF48A9D9-B187-46E5-A0A9-08BF3693C131}
		{DA2F70C9-5577-4990-BCF7-4B1BB4B1456D} = {FF48A9D9-B187-46E5-A0A9-08BF3693C131}
	EndGlobalSection
	GlobalSection(ExtensibilityGlobals) = postSolution
		SolutionGuid = {DE29FAC1-7A3D-45FE-81F2-94E85540C3AB}
	EndGlobalSection
EndGlobal
